
Microsoft Visual Studio Solution File, Format Version 12.00
# Visual Studio 15
VisualStudioVersion = 15.0.26124.0
MinimumVisualStudioVersion = 15.0.26124.0
Project("{FAE04EC0-301F-11D3-BF4B-00C04F79EFBC}") = "TeamReform", "TeamReform\TeamReform.csproj", "{EA083A8D-9086-4B17-851C-FEBDA777BD42}"
EndProject
Project("{FAE04EC0-301F-11D3-BF4B-00C04F79EFBC}") = "TeamReform.Tests", "TeamReform.Tests\TeamReform.Tests.csproj", "{AC52DE07-F57A-443B-9AB4-D6177A24B371}"
EndProject
Global
	GlobalSection(SolutionConfigurationPlatforms) = preSolution
		Debug|Any CPU = Debug|Any CPU
		Debug|x64 = Debug|x64
		Debug|x86 = Debug|x86
		Release|Any CPU = Release|Any CPU
		Release|x64 = Release|x64
		Release|x86 = Release|x86
	EndGlobalSection
	GlobalSection(SolutionProperties) = preSolution
		HideSolutionNode = FALSE
	EndGlobalSection
	GlobalSection(ProjectConfigurationPlatforms) = postSolution
		{EA083A8D-9086-4B17-851C-FEBDA777BD42}.Debug|Any CPU.ActiveCfg = Debug|Any CPU
		{EA083A8D-9086-4B17-851C-FEBDA777BD42}.Debug|Any CPU.Build.0 = Debug|Any CPU
		{EA083A8D-9086-4B17-851C-FEBDA777BD42}.Debug|x64.ActiveCfg = Debug|Any CPU
		{EA083A8D-9086-4B17-851C-FEBDA777BD42}.Debug|x64.Build.0 = Debug|Any CPU
		{EA083A8D-9086-4B17-851C-FEBDA777BD42}.Debug|x86.ActiveCfg = Debug|Any CPU
		{EA083A8D-9086-4B17-851C-FEBDA777BD42}.Debug|x86.Build.0 = Debug|Any CPU
		{EA083A8D-9086-4B17-851C-FEBDA777BD42}.Release|Any CPU.ActiveCfg = Release|Any CPU
		{EA083A8D-9086-4B17-851C-FEBDA777BD42}.Release|Any CPU.Build.0 = Release|Any CPU
		{EA083A8D-9086-4B17-851C-FEBDA777BD42}.Release|x64.ActiveCfg = Release|Any CPU
		{EA083A8D-9086-4B17-851C-FEBDA777BD42}.Release|x64.Build.0 = Release|Any CPU
		{EA083A8D-9086-4B17-851C-FEBDA777BD42}.Release|x86.ActiveCfg = Release|Any CPU
		{EA083A8D-9086-4B17-851C-FEBDA777BD42}.Release|x86.Build.0 = Release|Any CPU
		{AC52DE07-F57A-443B-9AB4-D6177A24B371}.Debug|Any CPU.ActiveCfg = Debug|Any CPU
		{AC52DE07-F57A-443B-9AB4-D6177A24B371}.Debug|Any CPU.Build.0 = Debug|Any CPU
		{AC52DE07-F57A-443B-9AB4-D6177A24B371}.Debug|x64.ActiveCfg = Debug|Any CPU
		{AC52DE07-F57A-443B-9AB4-D6177A24B371}.Debug|x64.Build.0 = Debug|Any CPU
		{AC52DE07-F57A-443B-9AB4-D6177A24B371}.Debug|x86.ActiveCfg = Debug|Any CPU
		{AC52DE07-F57A-443B-9AB4-D6177A24B371}.Debug|x86.Build.0 = Debug|Any CPU
		{AC52DE07-F57A-443B-9AB4-D6177A24B371}.Release|Any CPU.ActiveCfg = Release|Any CPU
		{AC52DE07-F57A-443B-9AB4-D6177A24B371}.Release|Any CPU.Build.0 = Release|Any CPU
		{AC52DE07-F57A-443B-9AB4-D6177A24B371}.Release|x64.ActiveCfg = Release|Any CPU
		{AC52DE07-F57A-443B-9AB4-D6177A24B371}.Release|x64.Build.0 = Release|Any CPU
		{AC52DE07-F57A-443B-9AB4-D6177A24B371}.Release|x86.ActiveCfg = Release|Any CPU
		{AC52DE07-F57A-443B-9AB4-D6177A24B371}.Release|x86.Build.0 = Release|Any CPU
	EndGlobalSection
EndGlobal
